
Microsoft Visual Studio Solution File, Format Version 12.00
Project("{FAE04EC0-301F-11D3-BF4B-00C04F79EFBC}") = "BookStoreManager.Presentation", "BookStoreManager.Presentation\BookStoreManager.Presentation.csproj", "{BC3722F0-C6F0-484E-8343-7FD3946F925C}"
EndProject
Project("{2150E333-8FDC-42A3-9474-1A3956D46DE8}") = "Solution Items", "Solution Items", "{417D12EA-B36C-45A2-A9EE-D5269A07DD65}"
	ProjectSection(SolutionItems) = preProject
		compose.yaml = compose.yaml
	EndProjectSection
EndProject
Project("{FAE04EC0-301F-11D3-BF4B-00C04F79EFBC}") = "BookStoreManager.Domain", "BookStoreManager.Domain\BookStoreManager.Domain.csproj", "{1A9132A3-2282-4CE0-9750-5EF02CD070BB}"
EndProject
Project("{FAE04EC0-301F-11D3-BF4B-00C04F79EFBC}") = "BookStoreManager.Persistence", "BookStoreManager.Persistence\BookStoreManager.Persistence.csproj", "{DFE05C3E-9B97-41EF-ACE9-5125BFEC57E7}"
EndProject
Project("{FAE04EC0-301F-11D3-BF4B-00C04F79EFBC}") = "BookStoreManager.Infrastructure", "BookStoreManager.Infrastructure\BookStoreManager.Infrastructure.csproj", "{36CF8BDA-5D93-4CC1-90DF-660217D31919}"
EndProject
Project("{FAE04EC0-301F-11D3-BF4B-00C04F79EFBC}") = "BookStoreManager.Application", "BookStoreManager.Application\BookStoreManager.Application.csproj", "{18AA1A39-5C8B-4510-A4BA-52E133F4E32F}"
EndProject
Project("{FAE04EC0-301F-11D3-BF4B-00C04F79EFBC}") = "BookStoreManager.Test", "BookStoreManager.Test\BookStoreManager.Test.csproj", "{5B8E4E02-83DC-47AF-BDC1-CC0AE3151E97}"
EndProject
Global
	GlobalSection(SolutionConfigurationPlatforms) = preSolution
		Debug|Any CPU = Debug|Any CPU
		Release|Any CPU = Release|Any CPU
	EndGlobalSection
	GlobalSection(ProjectConfigurationPlatforms) = postSolution
		{BC3722F0-C6F0-484E-8343-7FD3946F925C}.Debug|Any CPU.ActiveCfg = Debug|Any CPU
		{BC3722F0-C6F0-484E-8343-7FD3946F925C}.Debug|Any CPU.Build.0 = Debug|Any CPU
		{BC3722F0-C6F0-484E-8343-7FD3946F925C}.Release|Any CPU.ActiveCfg = Release|Any CPU
		{BC3722F0-C6F0-484E-8343-7FD3946F925C}.Release|Any CPU.Build.0 = Release|Any CPU
		{1A9132A3-2282-4CE0-9750-5EF02CD070BB}.Debug|Any CPU.ActiveCfg = Debug|Any CPU
		{1A9132A3-2282-4CE0-9750-5EF02CD070BB}.Debug|Any CPU.Build.0 = Debug|Any CPU
		{1A9132A3-2282-4CE0-9750-5EF02CD070BB}.Release|Any CPU.ActiveCfg = Release|Any CPU
		{1A9132A3-2282-4CE0-9750-5EF02CD070BB}.Release|Any CPU.Build.0 = Release|Any CPU
		{DFE05C3E-9B97-41EF-ACE9-5125BFEC57E7}.Debug|Any CPU.ActiveCfg = Debug|Any CPU
		{DFE05C3E-9B97-41EF-ACE9-5125BFEC57E7}.Debug|Any CPU.Build.0 = Debug|Any CPU
		{DFE05C3E-9B97-41EF-ACE9-5125BFEC57E7}.Release|Any CPU.ActiveCfg = Release|Any CPU
		{DFE05C3E-9B97-41EF-ACE9-5125BFEC57E7}.Release|Any CPU.Build.0 = Release|Any CPU
		{36CF8BDA-5D93-4CC1-90DF-660217D31919}.Debug|Any CPU.ActiveCfg = Debug|Any CPU
		{36CF8BDA-5D93-4CC1-90DF-660217D31919}.Debug|Any CPU.Build.0 = Debug|Any CPU
		{36CF8BDA-5D93-4CC1-90DF-660217D31919}.Release|Any CPU.ActiveCfg = Release|Any CPU
		{36CF8BDA-5D93-4CC1-90DF-660217D31919}.Release|Any CPU.Build.0 = Release|Any CPU
		{18AA1A39-5C8B-4510-A4BA-52E133F4E32F}.Debug|Any CPU.ActiveCfg = Debug|Any CPU
		{18AA1A39-5C8B-4510-A4BA-52E133F4E32F}.Debug|Any CPU.Build.0 = Debug|Any CPU
		{18AA1A39-5C8B-4510-A4BA-52E133F4E32F}.Release|Any CPU.ActiveCfg = Release|Any CPU
		{18AA1A39-5C8B-4510-A4BA-52E133F4E32F}.Release|Any CPU.Build.0 = Release|Any CPU
		{5B8E4E02-83DC-47AF-BDC1-CC0AE3151E97}.Debug|Any CPU.ActiveCfg = Debug|Any CPU
		{5B8E4E02-83DC-47AF-BDC1-CC0AE3151E97}.Debug|Any CPU.Build.0 = Debug|Any CPU
		{5B8E4E02-83DC-47AF-BDC1-CC0AE3151E97}.Release|Any CPU.ActiveCfg = Release|Any CPU
		{5B8E4E02-83DC-47AF-BDC1-CC0AE3151E97}.Release|Any CPU.Build.0 = Release|Any CPU
	EndGlobalSection
EndGlobal
